// !$*UTF8*$!
{
	archiveVersion = 1;
	classes = {
	};
	objectVersion = 56;
	objects = {

/* Begin PBXBuildFile section */
		798587952BC853FE00061FF4 /* Flight.swift in Sources */ = {isa = PBXBuildFile; fileRef = 798587942BC853FE00061FF4 /* Flight.swift */; };
		798587972BC8571E00061FF4 /* APIClient.swift in Sources */ = {isa = PBXBuildFile; fileRef = 798587962BC8571E00061FF4 /* APIClient.swift */; };
		7985879A2BC86B0700061FF4 /* FlightDataViewModel.swift in Sources */ = {isa = PBXBuildFile; fileRef = 798587992BC86B0700061FF4 /* FlightDataViewModel.swift */; };
		79E227DD2BC5D773008054B5 /* AirPalApp.swift in Sources */ = {isa = PBXBuildFile; fileRef = 79E227DC2BC5D773008054B5 /* AirPalApp.swift */; };
		79E227DF2BC5D773008054B5 /* RootView.swift in Sources */ = {isa = PBXBuildFile; fileRef = 79E227DE2BC5D773008054B5 /* RootView.swift */; };
		79E227E12BC5D774008054B5 /* Assets.xcassets in Resources */ = {isa = PBXBuildFile; fileRef = 79E227E02BC5D774008054B5 /* Assets.xcassets */; };
		79E227E42BC5D774008054B5 /* Preview Assets.xcassets in Resources */ = {isa = PBXBuildFile; fileRef = 79E227E32BC5D774008054B5 /* Preview Assets.xcassets */; };
		79F8499F2BE2CA6A001BE1D8 /* SMSService.swift in Sources */ = {isa = PBXBuildFile; fileRef = 79F8499E2BE2CA6A001BE1D8 /* SMSService.swift */; };
		79F849A12BE2D585001BE1D8 /* SMSResponse.swift in Sources */ = {isa = PBXBuildFile; fileRef = 79F849A02BE2D585001BE1D8 /* SMSResponse.swift */; };
/* End PBXBuildFile section */

/* Begin PBXFileReference section */
		798587942BC853FE00061FF4 /* Flight.swift */ = {isa = PBXFileReference; lastKnownFileType = sourcecode.swift; path = Flight.swift; sourceTree = "<group>"; };
		798587962BC8571E00061FF4 /* APIClient.swift */ = {isa = PBXFileReference; lastKnownFileType = sourcecode.swift; path = APIClient.swift; sourceTree = "<group>"; };
		798587982BC85DA900061FF4 /* Info.plist */ = {isa = PBXFileReference; lastKnownFileType = text.plist.xml; path = Info.plist; sourceTree = "<group>"; };
		798587992BC86B0700061FF4 /* FlightDataViewModel.swift */ = {isa = PBXFileReference; lastKnownFileType = sourcecode.swift; path = FlightDataViewModel.swift; sourceTree = "<group>"; };
		7985879B2BD1970300061FF4 /* CustomConfig.xcconfig */ = {isa = PBXFileReference; lastKnownFileType = text.xcconfig; path = CustomConfig.xcconfig; sourceTree = "<group>"; };
		79E227D92BC5D773008054B5 /* AirPal.app */ = {isa = PBXFileReference; explicitFileType = wrapper.application; includeInIndex = 0; path = AirPal.app; sourceTree = BUILT_PRODUCTS_DIR; };
		79E227DC2BC5D773008054B5 /* AirPalApp.swift */ = {isa = PBXFileReference; lastKnownFileType = sourcecode.swift; path = AirPalApp.swift; sourceTree = "<group>"; };
		79E227DE2BC5D773008054B5 /* RootView.swift */ = {isa = PBXFileReference; lastKnownFileType = sourcecode.swift; path = RootView.swift; sourceTree = "<group>"; };
		79E227E02BC5D774008054B5 /* Assets.xcassets */ = {isa = PBXFileReference; lastKnownFileType = folder.assetcatalog; path = Assets.xcassets; sourceTree = "<group>"; };
		79E227E32BC5D774008054B5 /* Preview Assets.xcassets */ = {isa = PBXFileReference; lastKnownFileType = folder.assetcatalog; path = "Preview Assets.xcassets"; sourceTree = "<group>"; };
		79E227E52BC5D774008054B5 /* AirBuddy.entitlements */ = {isa = PBXFileReference; lastKnownFileType = text.plist.entitlements; path = AirBuddy.entitlements; sourceTree = "<group>"; };
		79F8499E2BE2CA6A001BE1D8 /* SMSService.swift */ = {isa = PBXFileReference; lastKnownFileType = sourcecode.swift; path = SMSService.swift; sourceTree = "<group>"; };
		79F849A02BE2D585001BE1D8 /* SMSResponse.swift */ = {isa = PBXFileReference; lastKnownFileType = sourcecode.swift; path = SMSResponse.swift; sourceTree = "<group>"; };
/* End PBXFileReference section */

/* Begin PBXFrameworksBuildPhase section */
		79E227D62BC5D773008054B5 /* Frameworks */ = {
			isa = PBXFrameworksBuildPhase;
			buildActionMask = 2147483647;
			files = (
			);
			runOnlyForDeploymentPostprocessing = 0;
		};
/* End PBXFrameworksBuildPhase section */

/* Begin PBXGroup section */
		798587932BC8505E00061FF4 /* Networking */ = {
			isa = PBXGroup;
			children = (
				798587962BC8571E00061FF4 /* APIClient.swift */,
				79F8499E2BE2CA6A001BE1D8 /* SMSService.swift */,
			);
			path = Networking;
			sourceTree = "<group>";
		};
		7985879C2BD1997800061FF4 /* Resources */ = {
			isa = PBXGroup;
			children = (
				7985879B2BD1970300061FF4 /* CustomConfig.xcconfig */,
			);
			path = Resources;
			sourceTree = "<group>";
		};
		7985879D2BD19D3F00061FF4 /* Flight */ = {
			isa = PBXGroup;
			children = (
				798587992BC86B0700061FF4 /* FlightDataViewModel.swift */,
				798587942BC853FE00061FF4 /* Flight.swift */,
			);
			path = Flight;
			sourceTree = "<group>";
		};
		79E227D02BC5D773008054B5 = {
			isa = PBXGroup;
			children = (
				79E227DB2BC5D773008054B5 /* AirPal */,
				79E227DA2BC5D773008054B5 /* Products */,
			);
			sourceTree = "<group>";
		};
		79E227DA2BC5D773008054B5 /* Products */ = {
			isa = PBXGroup;
			children = (
				79E227D92BC5D773008054B5 /* AirPal.app */,
			);
			name = Products;
			sourceTree = "<group>";
		};
		79E227DB2BC5D773008054B5 /* AirPal */ = {
			isa = PBXGroup;
			children = (
				798587982BC85DA900061FF4 /* Info.plist */,
				79E227DC2BC5D773008054B5 /* AirPalApp.swift */,
				79E227DE2BC5D773008054B5 /* RootView.swift */,
				79F849A02BE2D585001BE1D8 /* SMSResponse.swift */,
				7985879D2BD19D3F00061FF4 /* Flight */,
				7985879C2BD1997800061FF4 /* Resources */,
				798587932BC8505E00061FF4 /* Networking */,
				79E227E02BC5D774008054B5 /* Assets.xcassets */,
				79E227E52BC5D774008054B5 /* AirBuddy.entitlements */,
				79E227E22BC5D774008054B5 /* Preview Content */,
			);
			path = AirPal;
			sourceTree = "<group>";
		};
		79E227E22BC5D774008054B5 /* Preview Content */ = {
			isa = PBXGroup;
			children = (
				79E227E32BC5D774008054B5 /* Preview Assets.xcassets */,
			);
			path = "Preview Content";
			sourceTree = "<group>";
		};
/* End PBXGroup section */

/* Begin PBXNativeTarget section */
		79E227D82BC5D773008054B5 /* AirPal */ = {
			isa = PBXNativeTarget;
			buildConfigurationList = 79E227E82BC5D774008054B5 /* Build configuration list for PBXNativeTarget "AirPal" */;
			buildPhases = (
				79E227D52BC5D773008054B5 /* Sources */,
				79E227D62BC5D773008054B5 /* Frameworks */,
				79E227D72BC5D773008054B5 /* Resources */,
			);
			buildRules = (
			);
			dependencies = (
			);
			name = AirPal;
			productName = AirBuddy;
			productReference = 79E227D92BC5D773008054B5 /* AirPal.app */;
			productType = "com.apple.product-type.application";
		};
/* End PBXNativeTarget section */

/* Begin PBXProject section */
		79E227D12BC5D773008054B5 /* Project object */ = {
			isa = PBXProject;
			attributes = {
				BuildIndependentTargetsInParallel = 1;
				LastSwiftUpdateCheck = 1520;
				LastUpgradeCheck = 1520;
				TargetAttributes = {
					79E227D82BC5D773008054B5 = {
						CreatedOnToolsVersion = 15.2;
					};
				};
			};
			buildConfigurationList = 79E227D42BC5D773008054B5 /* Build configuration list for PBXProject "AirPal" */;
			compatibilityVersion = "Xcode 14.0";
			developmentRegion = en;
			hasScannedForEncodings = 0;
			knownRegions = (
				en,
				Base,
			);
			mainGroup = 79E227D02BC5D773008054B5;
			productRefGroup = 79E227DA2BC5D773008054B5 /* Products */;
			projectDirPath = "";
			projectRoot = "";
			targets = (
				79E227D82BC5D773008054B5 /* AirPal */,
			);
		};
/* End PBXProject section */

/* Begin PBXResourcesBuildPhase section */
		79E227D72BC5D773008054B5 /* Resources */ = {
			isa = PBXResourcesBuildPhase;
			buildActionMask = 2147483647;
			files = (
				79E227E42BC5D774008054B5 /* Preview Assets.xcassets in Resources */,
				79E227E12BC5D774008054B5 /* Assets.xcassets in Resources */,
			);
			runOnlyForDeploymentPostprocessing = 0;
		};
/* End PBXResourcesBuildPhase section */

/* Begin PBXSourcesBuildPhase section */
		79E227D52BC5D773008054B5 /* Sources */ = {
			isa = PBXSourcesBuildPhase;
			buildActionMask = 2147483647;
			files = (
				798587952BC853FE00061FF4 /* Flight.swift in Sources */,
				79E227DF2BC5D773008054B5 /* RootView.swift in Sources */,
				79E227DD2BC5D773008054B5 /* AirPalApp.swift in Sources */,
				7985879A2BC86B0700061FF4 /* FlightDataViewModel.swift in Sources */,
				79F849A12BE2D585001BE1D8 /* SMSResponse.swift in Sources */,
				798587972BC8571E00061FF4 /* APIClient.swift in Sources */,
				79F8499F2BE2CA6A001BE1D8 /* SMSService.swift in Sources */,
			);
			runOnlyForDeploymentPostprocessing = 0;
		};
/* End PBXSourcesBuildPhase section */

/* Begin XCBuildConfiguration section */
		79E227E62BC5D774008054B5 /* Debug */ = {
			isa = XCBuildConfiguration;
			baseConfigurationReference = 7985879B2BD1970300061FF4 /* CustomConfig.xcconfig */;
			buildSettings = {
				ALWAYS_SEARCH_USER_PATHS = NO;
				ASSETCATALOG_COMPILER_GENERATE_SWIFT_ASSET_SYMBOL_EXTENSIONS = YES;
				CLANG_ANALYZER_NONNULL = YES;
				CLANG_ANALYZER_NUMBER_OBJECT_CONVERSION = YES_AGGRESSIVE;
				CLANG_CXX_LANGUAGE_STANDARD = "gnu++20";
				CLANG_ENABLE_MODULES = YES;
				CLANG_ENABLE_OBJC_ARC = YES;
				CLANG_ENABLE_OBJC_WEAK = YES;
				CLANG_WARN_BLOCK_CAPTURE_AUTORELEASING = YES;
				CLANG_WARN_BOOL_CONVERSION = YES;
				CLANG_WARN_COMMA = YES;
				CLANG_WARN_CONSTANT_CONVERSION = YES;
				CLANG_WARN_DEPRECATED_OBJC_IMPLEMENTATIONS = YES;
				CLANG_WARN_DIRECT_OBJC_ISA_USAGE = YES_ERROR;
				CLANG_WARN_DOCUMENTATION_COMMENTS = YES;
				CLANG_WARN_EMPTY_BODY = YES;
				CLANG_WARN_ENUM_CONVERSION = YES;
				CLANG_WARN_INFINITE_RECURSION = YES;
				CLANG_WARN_INT_CONVERSION = YES;
				CLANG_WARN_NON_LITERAL_NULL_CONVERSION = YES;
				CLANG_WARN_OBJC_IMPLICIT_RETAIN_SELF = YES;
				CLANG_WARN_OBJC_LITERAL_CONVERSION = YES;
				CLANG_WARN_OBJC_ROOT_CLASS = YES_ERROR;
				CLANG_WARN_QUOTED_INCLUDE_IN_FRAMEWORK_HEADER = YES;
				CLANG_WARN_RANGE_LOOP_ANALYSIS = YES;
				CLANG_WARN_STRICT_PROTOTYPES = YES;
				CLANG_WARN_SUSPICIOUS_MOVE = YES;
				CLANG_WARN_UNGUARDED_AVAILABILITY = YES_AGGRESSIVE;
				CLANG_WARN_UNREACHABLE_CODE = YES;
				CLANG_WARN__DUPLICATE_METHOD_MATCH = YES;
				COPY_PHASE_STRIP = NO;
				DEBUG_INFORMATION_FORMAT = dwarf;
				ENABLE_STRICT_OBJC_MSGSEND = YES;
				ENABLE_TESTABILITY = YES;
				ENABLE_USER_SCRIPT_SANDBOXING = YES;
				GCC_C_LANGUAGE_STANDARD = gnu17;
				GCC_DYNAMIC_NO_PIC = NO;
				GCC_NO_COMMON_BLOCKS = YES;
				GCC_OPTIMIZATION_LEVEL = 0;
				GCC_PREPROCESSOR_DEFINITIONS = (
					"DEBUG=1",
					"$(inherited)",
				);
				GCC_WARN_64_TO_32_BIT_CONVERSION = YES;
				GCC_WARN_ABOUT_RETURN_TYPE = YES_ERROR;
				GCC_WARN_UNDECLARED_SELECTOR = YES;
				GCC_WARN_UNINITIALIZED_AUTOS = YES_AGGRESSIVE;
				GCC_WARN_UNUSED_FUNCTION = YES;
				GCC_WARN_UNUSED_VARIABLE = YES;
				LOCALIZATION_PREFERS_STRING_CATALOGS = YES;
				MACOSX_DEPLOYMENT_TARGET = 14.2;
				MTL_ENABLE_DEBUG_INFO = INCLUDE_SOURCE;
				MTL_FAST_MATH = YES;
				ONLY_ACTIVE_ARCH = YES;
				SDKROOT = macosx;
				SWIFT_ACTIVE_COMPILATION_CONDITIONS = "DEBUG $(inherited)";
				SWIFT_OPTIMIZATION_LEVEL = "-Onone";
			};
			name = Debug;
		};
		79E227E72BC5D774008054B5 /* Release */ = {
			isa = XCBuildConfiguration;
			buildSettings = {
				ALWAYS_SEARCH_USER_PATHS = NO;
				ASSETCATALOG_COMPILER_GENERATE_SWIFT_ASSET_SYMBOL_EXTENSIONS = YES;
				CLANG_ANALYZER_NONNULL = YES;
				CLANG_ANALYZER_NUMBER_OBJECT_CONVERSION = YES_AGGRESSIVE;
				CLANG_CXX_LANGUAGE_STANDARD = "gnu++20";
				CLANG_ENABLE_MODULES = YES;
				CLANG_ENABLE_OBJC_ARC = YES;
				CLANG_ENABLE_OBJC_WEAK = YES;
				CLANG_WARN_BLOCK_CAPTURE_AUTORELEASING = YES;
				CLANG_WARN_BOOL_CONVERSION = YES;
				CLANG_WARN_COMMA = YES;
				CLANG_WARN_CONSTANT_CONVERSION = YES;
				CLANG_WARN_DEPRECATED_OBJC_IMPLEMENTATIONS = YES;
				CLANG_WARN_DIRECT_OBJC_ISA_USAGE = YES_ERROR;
				CLANG_WARN_DOCUMENTATION_COMMENTS = YES;
				CLANG_WARN_EMPTY_BODY = YES;
				CLANG_WARN_ENUM_CONVERSION = YES;
				CLANG_WARN_INFINITE_RECURSION = YES;
				CLANG_WARN_INT_CONVERSION = YES;
				CLANG_WARN_NON_LITERAL_NULL_CONVERSION = YES;
				CLANG_WARN_OBJC_IMPLICIT_RETAIN_SELF = YES;
				CLANG_WARN_OBJC_LITERAL_CONVERSION = YES;
				CLANG_WARN_OBJC_ROOT_CLASS = YES_ERROR;
				CLANG_WARN_QUOTED_INCLUDE_IN_FRAMEWORK_HEADER = YES;
				CLANG_WARN_RANGE_LOOP_ANALYSIS = YES;
				CLANG_WARN_STRICT_PROTOTYPES = YES;
				CLANG_WARN_SUSPICIOUS_MOVE = YES;
				CLANG_WARN_UNGUARDED_AVAILABILITY = YES_AGGRESSIVE;
				CLANG_WARN_UNREACHABLE_CODE = YES;
				CLANG_WARN__DUPLICATE_METHOD_MATCH = YES;
				COPY_PHASE_STRIP = NO;
				DEBUG_INFORMATION_FORMAT = "dwarf-with-dsym";
				ENABLE_NS_ASSERTIONS = NO;
				ENABLE_STRICT_OBJC_MSGSEND = YES;
				ENABLE_USER_SCRIPT_SANDBOXING = YES;
				GCC_C_LANGUAGE_STANDARD = gnu17;
				GCC_NO_COMMON_BLOCKS = YES;
				GCC_WARN_64_TO_32_BIT_CONVERSION = YES;
				GCC_WARN_ABOUT_RETURN_TYPE = YES_ERROR;
				GCC_WARN_UNDECLARED_SELECTOR = YES;
				GCC_WARN_UNINITIALIZED_AUTOS = YES_AGGRESSIVE;
				GCC_WARN_UNUSED_FUNCTION = YES;
				GCC_WARN_UNUSED_VARIABLE = YES;
				LOCALIZATION_PREFERS_STRING_CATALOGS = YES;
				MACOSX_DEPLOYMENT_TARGET = 14.2;
				MTL_ENABLE_DEBUG_INFO = NO;
				MTL_FAST_MATH = YES;
				SDKROOT = macosx;
				SWIFT_COMPILATION_MODE = wholemodule;
			};
			name = Release;
		};
		79E227E92BC5D774008054B5 /* Debug */ = {
			isa = XCBuildConfiguration;
			buildSettings = {
				ASSETCATALOG_COMPILER_APPICON_NAME = AppIcon;
				ASSETCATALOG_COMPILER_GLOBAL_ACCENT_COLOR_NAME = AccentColor;
				CODE_SIGN_ENTITLEMENTS = AirPal/AirBuddy.entitlements;
				CODE_SIGN_STYLE = Automatic;
				COMBINE_HIDPI_IMAGES = YES;
				CURRENT_PROJECT_VERSION = 1;
				DEVELOPMENT_ASSET_PATHS = "\"AirPal/Preview Content\"";
				DEVELOPMENT_TEAM = 4LDNJ7W276;
				ENABLE_HARDENED_RUNTIME = YES;
				ENABLE_PREVIEWS = YES;
				GENERATE_INFOPLIST_FILE = YES;
				INFOPLIST_FILE = AirPal/Info.plist;
				INFOPLIST_KEY_NSHumanReadableCopyright = "";
				LD_RUNPATH_SEARCH_PATHS = (
					"$(inherited)",
					"@executable_path/../Frameworks",
				);
				MARKETING_VERSION = 1.0;
				PRODUCT_BUNDLE_IDENTIFIER = com.treetime.AirPal;
				PRODUCT_NAME = "$(TARGET_NAME)";
				SUPPORTED_PLATFORMS = "iphoneos iphonesimulator";
				SUPPORTS_MACCATALYST = NO;
				SWIFT_EMIT_LOC_STRINGS = YES;
				SWIFT_VERSION = 5.0;
				TARGETED_DEVICE_FAMILY = 1;
			};
			name = Debug;
		};
		79E227EA2BC5D774008054B5 /* Release */ = {
			isa = XCBuildConfiguration;
			buildSettings = {
				ASSETCATALOG_COMPILER_APPICON_NAME = AppIcon;
				ASSETCATALOG_COMPILER_GLOBAL_ACCENT_COLOR_NAME = AccentColor;
				CODE_SIGN_ENTITLEMENTS = AirPal/AirBuddy.entitlements;
				CODE_SIGN_STYLE = Automatic;
				COMBINE_HIDPI_IMAGES = YES;
				CURRENT_PROJECT_VERSION = 1;
				DEVELOPMENT_ASSET_PATHS = "\"AirPal/Preview Content\"";
				DEVELOPMENT_TEAM = 4LDNJ7W276;
				ENABLE_HARDENED_RUNTIME = YES;
				ENABLE_PREVIEWS = YES;
				GENERATE_INFOPLIST_FILE = YES;
				INFOPLIST_FILE = AirPal/Info.plist;
				INFOPLIST_KEY_NSHumanReadableCopyright = "";
				LD_RUNPATH_SEARCH_PATHS = (
					"$(inherited)",
					"@executable_path/../Frameworks",
				);
				MARKETING_VERSION = 1.0;
				PRODUCT_BUNDLE_IDENTIFIER = com.treetime.AirPal;
				PRODUCT_NAME = "$(TARGET_NAME)";
				SUPPORTED_PLATFORMS = "iphoneos iphonesimulator";
				SUPPORTS_MACCATALYST = NO;
				SWIFT_EMIT_LOC_STRINGS = YES;
				SWIFT_VERSION = 5.0;
				TARGETED_DEVICE_FAMILY = 1;
			};
			name = Release;
		};
/* End XCBuildConfiguration section */

/* Begin XCConfigurationList section */
		79E227D42BC5D773008054B5 /* Build configuration list for PBXProject "AirPal" */ = {
			isa = XCConfigurationList;
			buildConfigurations = (
				79E227E62BC5D774008054B5 /* Debug */,
				79E227E72BC5D774008054B5 /* Release */,
			);
			defaultConfigurationIsVisible = 0;
			defaultConfigurationName = Release;
		};
		79E227E82BC5D774008054B5 /* Build configuration list for PBXNativeTarget "AirPal" */ = {
			isa = XCConfigurationList;
			buildConfigurations = (
				79E227E92BC5D774008054B5 /* Debug */,
				79E227EA2BC5D774008054B5 /* Release */,
			);
			defaultConfigurationIsVisible = 0;
			defaultConfigurationName = Release;
		};
/* End XCConfigurationList section */
	};
	rootObject = 79E227D12BC5D773008054B5 /* Project object */;
}
